// !$*UTF8*$!
{
	archiveVersion = 1;
	classes = {
	};
	objectVersion = 50;
	objects = {

/* Begin PBXBuildFile section */
		9348E48424B0118400C61A4B /* AppDelegate.swift in Sources */ = {isa = PBXBuildFile; fileRef = 9348E48324B0118400C61A4B /* AppDelegate.swift */; };
		9348E48624B0118400C61A4B /* SceneDelegate.swift in Sources */ = {isa = PBXBuildFile; fileRef = 9348E48524B0118400C61A4B /* SceneDelegate.swift */; };
		9348E48824B0118400C61A4B /* ViewController.swift in Sources */ = {isa = PBXBuildFile; fileRef = 9348E48724B0118400C61A4B /* ViewController.swift */; };
		9348E48B24B0118400C61A4B /* Main.storyboard in Resources */ = {isa = PBXBuildFile; fileRef = 9348E48924B0118400C61A4B /* Main.storyboard */; };
		9348E48D24B0118600C61A4B /* Assets.xcassets in Resources */ = {isa = PBXBuildFile; fileRef = 9348E48C24B0118600C61A4B /* Assets.xcassets */; };
		9348E49024B0118600C61A4B /* LaunchScreen.storyboard in Resources */ = {isa = PBXBuildFile; fileRef = 9348E48E24B0118600C61A4B /* LaunchScreen.storyboard */; };
		9348E49B24B0118600C61A4B /* TipCalculatorTests.swift in Sources */ = {isa = PBXBuildFile; fileRef = 9348E49A24B0118600C61A4B /* TipCalculatorTests.swift */; };
		9348E4A624B0118600C61A4B /* TipCalculatorUITests.swift in Sources */ = {isa = PBXBuildFile; fileRef = 9348E4A524B0118600C61A4B /* TipCalculatorUITests.swift */; };
/* End PBXBuildFile section */

/* Begin PBXContainerItemProxy section */
		9348E49724B0118600C61A4B /* PBXContainerItemProxy */ = {
			isa = PBXContainerItemProxy;
			containerPortal = 9348E47824B0118400C61A4B /* Project object */;
			proxyType = 1;
			remoteGlobalIDString = 9348E47F24B0118400C61A4B;
			remoteInfo = TipCalculator;
		};
		9348E4A224B0118600C61A4B /* PBXContainerItemProxy */ = {
			isa = PBXContainerItemProxy;
			containerPortal = 9348E47824B0118400C61A4B /* Project object */;
			proxyType = 1;
			remoteGlobalIDString = 9348E47F24B0118400C61A4B;
			remoteInfo = TipCalculator;
		};
/* End PBXContainerItemProxy section */

/* Begin PBXFileReference section */
		9348E48024B0118400C61A4B /* TipCalculator.app */ = {isa = PBXFileReference; explicitFileType = wrapper.application; includeInIndex = 0; path = TipCalculator.app; sourceTree = BUILT_PRODUCTS_DIR; };
		9348E48324B0118400C61A4B /* AppDelegate.swift */ = {isa = PBXFileReference; lastKnownFileType = sourcecode.swift; path = AppDelegate.swift; sourceTree = "<group>"; };
		9348E48524B0118400C61A4B /* SceneDelegate.swift */ = {isa = PBXFileReference; lastKnownFileType = sourcecode.swift; path = SceneDelegate.swift; sourceTree = "<group>"; };
		9348E48724B0118400C61A4B /* ViewController.swift */ = {isa = PBXFileReference; lastKnownFileType = sourcecode.swift; path = ViewController.swift; sourceTree = "<group>"; };
		9348E48A24B0118400C61A4B /* Base */ = {isa = PBXFileReference; lastKnownFileType = file.storyboard; name = Base; path = Base.lproj/Main.storyboard; sourceTree = "<group>"; };
		9348E48C24B0118600C61A4B /* Assets.xcassets */ = {isa = PBXFileReference; lastKnownFileType = folder.assetcatalog; path = Assets.xcassets; sourceTree = "<group>"; };
		9348E48F24B0118600C61A4B /* Base */ = {isa = PBXFileReference; lastKnownFileType = file.storyboard; name = Base; path = Base.lproj/LaunchScreen.storyboard; sourceTree = "<group>"; };
		9348E49124B0118600C61A4B /* Info.plist */ = {isa = PBXFileReference; lastKnownFileType = text.plist.xml; path = Info.plist; sourceTree = "<group>"; };
		9348E49624B0118600C61A4B /* TipCalculatorTests.xctest */ = {isa = PBXFileReference; explicitFileType = wrapper.cfbundle; includeInIndex = 0; path = TipCalculatorTests.xctest; sourceTree = BUILT_PRODUCTS_DIR; };
		9348E49A24B0118600C61A4B /* TipCalculatorTests.swift */ = {isa = PBXFileReference; lastKnownFileType = sourcecode.swift; path = TipCalculatorTests.swift; sourceTree = "<group>"; };
		9348E49C24B0118600C61A4B /* Info.plist */ = {isa = PBXFileReference; lastKnownFileType = text.plist.xml; path = Info.plist; sourceTree = "<group>"; };
		9348E4A124B0118600C61A4B /* TipCalculatorUITests.xctest */ = {isa = PBXFileReference; explicitFileType = wrapper.cfbundle; includeInIndex = 0; path = TipCalculatorUITests.xctest; sourceTree = BUILT_PRODUCTS_DIR; };
		9348E4A524B0118600C61A4B /* TipCalculatorUITests.swift */ = {isa = PBXFileReference; lastKnownFileType = sourcecode.swift; path = TipCalculatorUITests.swift; sourceTree = "<group>"; };
		9348E4A724B0118600C61A4B /* Info.plist */ = {isa = PBXFileReference; lastKnownFileType = text.plist.xml; path = Info.plist; sourceTree = "<group>"; };
/* End PBXFileReference section */

/* Begin PBXFrameworksBuildPhase section */
		9348E47D24B0118400C61A4B /* Frameworks */ = {
			isa = PBXFrameworksBuildPhase;
			buildActionMask = 2147483647;
			files = (
			);
			runOnlyForDeploymentPostprocessing = 0;
		};
		9348E49324B0118600C61A4B /* Frameworks */ = {
			isa = PBXFrameworksBuildPhase;
			buildActionMask = 2147483647;
			files = (
			);
			runOnlyForDeploymentPostprocessing = 0;
		};
		9348E49E24B0118600C61A4B /* Frameworks */ = {
			isa = PBXFrameworksBuildPhase;
			buildActionMask = 2147483647;
			files = (
			);
			runOnlyForDeploymentPostprocessing = 0;
		};
/* End PBXFrameworksBuildPhase section */

/* Begin PBXGroup section */
		9348E47724B0118400C61A4B = {
			isa = PBXGroup;
			children = (
				9348E48224B0118400C61A4B /* TipCalculator */,
				9348E49924B0118600C61A4B /* TipCalculatorTests */,
				9348E4A424B0118600C61A4B /* TipCalculatorUITests */,
				9348E48124B0118400C61A4B /* Products */,
			);
			sourceTree = "<group>";
		};
		9348E48124B0118400C61A4B /* Products */ = {
			isa = PBXGroup;
			children = (
				9348E48024B0118400C61A4B /* TipCalculator.app */,
				9348E49624B0118600C61A4B /* TipCalculatorTests.xctest */,
				9348E4A124B0118600C61A4B /* TipCalculatorUITests.xctest */,
			);
			name = Products;
			sourceTree = "<group>";
		};
		9348E48224B0118400C61A4B /* TipCalculator */ = {
			isa = PBXGroup;
			children = (
				9348E48324B0118400C61A4B /* AppDelegate.swift */,
				9348E48524B0118400C61A4B /* SceneDelegate.swift */,
				9348E48724B0118400C61A4B /* ViewController.swift */,
				9348E48924B0118400C61A4B /* Main.storyboard */,
				9348E48C24B0118600C61A4B /* Assets.xcassets */,
				9348E48E24B0118600C61A4B /* LaunchScreen.storyboard */,
				9348E49124B0118600C61A4B /* Info.plist */,
			);
			path = TipCalculator;
			sourceTree = "<group>";
		};
		9348E49924B0118600C61A4B /* TipCalculatorTests */ = {
			isa = PBXGroup;
			children = (
				9348E49A24B0118600C61A4B /* TipCalculatorTests.swift */,
				9348E49C24B0118600C61A4B /* Info.plist */,
			);
			path = TipCalculatorTests;
			sourceTree = "<group>";
		};
		9348E4A424B0118600C61A4B /* TipCalculatorUITests */ = {
			isa = PBXGroup;
			children = (
				9348E4A524B0118600C61A4B /* TipCalculatorUITests.swift */,
				9348E4A724B0118600C61A4B /* Info.plist */,
			);
			path = TipCalculatorUITests;
			sourceTree = "<group>";
		};
/* End PBXGroup section */

/* Begin PBXNativeTarget section */
		9348E47F24B0118400C61A4B /* TipCalculator */ = {
			isa = PBXNativeTarget;
			buildConfigurationList = 9348E4AA24B0118600C61A4B /* Build configuration list for PBXNativeTarget "TipCalculator" */;
			buildPhases = (
				9348E47C24B0118400C61A4B /* Sources */,
				9348E47D24B0118400C61A4B /* Frameworks */,
				9348E47E24B0118400C61A4B /* Resources */,
			);
			buildRules = (
			);
			dependencies = (
			);
			name = TipCalculator;
			productName = TipCalculator;
			productReference = 9348E48024B0118400C61A4B /* TipCalculator.app */;
			productType = "com.apple.product-type.application";
		};
		9348E49524B0118600C61A4B /* TipCalculatorTests */ = {
			isa = PBXNativeTarget;
			buildConfigurationList = 9348E4AD24B0118600C61A4B /* Build configuration list for PBXNativeTarget "TipCalculatorTests" */;
			buildPhases = (
				9348E49224B0118600C61A4B /* Sources */,
				9348E49324B0118600C61A4B /* Frameworks */,
				9348E49424B0118600C61A4B /* Resources */,
			);
			buildRules = (
			);
			dependencies = (
				9348E49824B0118600C61A4B /* PBXTargetDependency */,
			);
			name = TipCalculatorTests;
			productName = TipCalculatorTests;
			productReference = 9348E49624B0118600C61A4B /* TipCalculatorTests.xctest */;
			productType = "com.apple.product-type.bundle.unit-test";
		};
		9348E4A024B0118600C61A4B /* TipCalculatorUITests */ = {
			isa = PBXNativeTarget;
			buildConfigurationList = 9348E4B024B0118600C61A4B /* Build configuration list for PBXNativeTarget "TipCalculatorUITests" */;
			buildPhases = (
				9348E49D24B0118600C61A4B /* Sources */,
				9348E49E24B0118600C61A4B /* Frameworks */,
				9348E49F24B0118600C61A4B /* Resources */,
			);
			buildRules = (
			);
			dependencies = (
				9348E4A324B0118600C61A4B /* PBXTargetDependency */,
			);
			name = TipCalculatorUITests;
			productName = TipCalculatorUITests;
			productReference = 9348E4A124B0118600C61A4B /* TipCalculatorUITests.xctest */;
			productType = "com.apple.product-type.bundle.ui-testing";
		};
/* End PBXNativeTarget section */

/* Begin PBXProject section */
		9348E47824B0118400C61A4B /* Project object */ = {
			isa = PBXProject;
			attributes = {
				LastSwiftUpdateCheck = 1150;
				LastUpgradeCheck = 1150;
				ORGANIZATIONNAME = "Mohamed Omane";
				TargetAttributes = {
					9348E47F24B0118400C61A4B = {
						CreatedOnToolsVersion = 11.5;
					};
					9348E49524B0118600C61A4B = {
						CreatedOnToolsVersion = 11.5;
						TestTargetID = 9348E47F24B0118400C61A4B;
					};
					9348E4A024B0118600C61A4B = {
						CreatedOnToolsVersion = 11.5;
						TestTargetID = 9348E47F24B0118400C61A4B;
					};
				};
			};
			buildConfigurationList = 9348E47B24B0118400C61A4B /* Build configuration list for PBXProject "TipCalculator" */;
			compatibilityVersion = "Xcode 9.3";
			developmentRegion = en;
			hasScannedForEncodings = 0;
			knownRegions = (
				en,
				Base,
			);
			mainGroup = 9348E47724B0118400C61A4B;
			productRefGroup = 9348E48124B0118400C61A4B /* Products */;
			projectDirPath = "";
			projectRoot = "";
			targets = (
				9348E47F24B0118400C61A4B /* TipCalculator */,
				9348E49524B0118600C61A4B /* TipCalculatorTests */,
				9348E4A024B0118600C61A4B /* TipCalculatorUITests */,
			);
		};
/* End PBXProject section */

/* Begin PBXResourcesBuildPhase section */
		9348E47E24B0118400C61A4B /* Resources */ = {
			isa = PBXResourcesBuildPhase;
			buildActionMask = 2147483647;
			files = (
				9348E49024B0118600C61A4B /* LaunchScreen.storyboard in Resources */,
				9348E48D24B0118600C61A4B /* Assets.xcassets in Resources */,
				9348E48B24B0118400C61A4B /* Main.storyboard in Resources */,
			);
			runOnlyForDeploymentPostprocessing = 0;
		};
		9348E49424B0118600C61A4B /* Resources */ = {
			isa = PBXResourcesBuildPhase;
			buildActionMask = 2147483647;
			files = (
			);
			runOnlyForDeploymentPostprocessing = 0;
		};
		9348E49F24B0118600C61A4B /* Resources */ = {
			isa = PBXResourcesBuildPhase;
			buildActionMask = 2147483647;
			files = (
			);
			runOnlyForDeploymentPostprocessing = 0;
		};
/* End PBXResourcesBuildPhase section */

/* Begin PBXSourcesBuildPhase section */
		9348E47C24B0118400C61A4B /* Sources */ = {
			isa = PBXSourcesBuildPhase;
			buildActionMask = 2147483647;
			files = (
				9348E48824B0118400C61A4B /* ViewController.swift in Sources */,
				9348E48424B0118400C61A4B /* AppDelegate.swift in Sources */,
				9348E48624B0118400C61A4B /* SceneDelegate.swift in Sources */,
			);
			runOnlyForDeploymentPostprocessing = 0;
		};
		9348E49224B0118600C61A4B /* Sources */ = {
			isa = PBXSourcesBuildPhase;
			buildActionMask = 2147483647;
			files = (
				9348E49B24B0118600C61A4B /* TipCalculatorTests.swift in Sources */,
			);
			runOnlyForDeploymentPostprocessing = 0;
		};
		9348E49D24B0118600C61A4B /* Sources */ = {
			isa = PBXSourcesBuildPhase;
			buildActionMask = 2147483647;
			files = (
				9348E4A624B0118600C61A4B /* TipCalculatorUITests.swift in Sources */,
			);
			runOnlyForDeploymentPostprocessing = 0;
		};
/* End PBXSourcesBuildPhase section */

/* Begin PBXTargetDependency section */
		9348E49824B0118600C61A4B /* PBXTargetDependency */ = {
			isa = PBXTargetDependency;
			target = 9348E47F24B0118400C61A4B /* TipCalculator */;
			targetProxy = 9348E49724B0118600C61A4B /* PBXContainerItemProxy */;
		};
		9348E4A324B0118600C61A4B /* PBXTargetDependency */ = {
			isa = PBXTargetDependency;
			target = 9348E47F24B0118400C61A4B /* TipCalculator */;
			targetProxy = 9348E4A224B0118600C61A4B /* PBXContainerItemProxy */;
		};
/* End PBXTargetDependency section */

/* Begin PBXVariantGroup section */
		9348E48924B0118400C61A4B /* Main.storyboard */ = {
			isa = PBXVariantGroup;
			children = (
				9348E48A24B0118400C61A4B /* Base */,
			);
			name = Main.storyboard;
			sourceTree = "<group>";
		};
		9348E48E24B0118600C61A4B /* LaunchScreen.storyboard */ = {
			isa = PBXVariantGroup;
			children = (
				9348E48F24B0118600C61A4B /* Base */,
			);
			name = LaunchScreen.storyboard;
			sourceTree = "<group>";
		};
/* End PBXVariantGroup section */

/* Begin XCBuildConfiguration section */
		9348E4A824B0118600C61A4B /* Debug */ = {
			isa = XCBuildConfiguration;
			buildSettings = {
				ALWAYS_SEARCH_USER_PATHS = NO;
				CLANG_ANALYZER_NONNULL = YES;
				CLANG_ANALYZER_NUMBER_OBJECT_CONVERSION = YES_AGGRESSIVE;
				CLANG_CXX_LANGUAGE_STANDARD = "gnu++14";
				CLANG_CXX_LIBRARY = "libc++";
				CLANG_ENABLE_MODULES = YES;
				CLANG_ENABLE_OBJC_ARC = YES;
				CLANG_ENABLE_OBJC_WEAK = YES;
				CLANG_WARN_BLOCK_CAPTURE_AUTORELEASING = YES;
				CLANG_WARN_BOOL_CONVERSION = YES;
				CLANG_WARN_COMMA = YES;
				CLANG_WARN_CONSTANT_CONVERSION = YES;
				CLANG_WARN_DEPRECATED_OBJC_IMPLEMENTATIONS = YES;
				CLANG_WARN_DIRECT_OBJC_ISA_USAGE = YES_ERROR;
				CLANG_WARN_DOCUMENTATION_COMMENTS = YES;
				CLANG_WARN_EMPTY_BODY = YES;
				CLANG_WARN_ENUM_CONVERSION = YES;
				CLANG_WARN_INFINITE_RECURSION = YES;
				CLANG_WARN_INT_CONVERSION = YES;
				CLANG_WARN_NON_LITERAL_NULL_CONVERSION = YES;
				CLANG_WARN_OBJC_IMPLICIT_RETAIN_SELF = YES;
				CLANG_WARN_OBJC_LITERAL_CONVERSION = YES;
				CLANG_WARN_OBJC_ROOT_CLASS = YES_ERROR;
				CLANG_WARN_RANGE_LOOP_ANALYSIS = YES;
				CLANG_WARN_STRICT_PROTOTYPES = YES;
				CLANG_WARN_SUSPICIOUS_MOVE = YES;
				CLANG_WARN_UNGUARDED_AVAILABILITY = YES_AGGRESSIVE;
				CLANG_WARN_UNREACHABLE_CODE = YES;
				CLANG_WARN__DUPLICATE_METHOD_MATCH = YES;
				COPY_PHASE_STRIP = NO;
				DEBUG_INFORMATION_FORMAT = dwarf;
				ENABLE_STRICT_OBJC_MSGSEND = YES;
				ENABLE_TESTABILITY = YES;
				GCC_C_LANGUAGE_STANDARD = gnu11;
				GCC_DYNAMIC_NO_PIC = NO;
				GCC_NO_COMMON_BLOCKS = YES;
				GCC_OPTIMIZATION_LEVEL = 0;
				GCC_PREPROCESSOR_DEFINITIONS = (
					"DEBUG=1",
					"$(inherited)",
				);
				GCC_WARN_64_TO_32_BIT_CONVERSION = YES;
				GCC_WARN_ABOUT_RETURN_TYPE = YES_ERROR;
				GCC_WARN_UNDECLARED_SELECTOR = YES;
				GCC_WARN_UNINITIALIZED_AUTOS = YES_AGGRESSIVE;
				GCC_WARN_UNUSED_FUNCTION = YES;
				GCC_WARN_UNUSED_VARIABLE = YES;
				IPHONEOS_DEPLOYMENT_TARGET = 13.5;
				MTL_ENABLE_DEBUG_INFO = INCLUDE_SOURCE;
				MTL_FAST_MATH = YES;
				ONLY_ACTIVE_ARCH = YES;
				SDKROOT = iphoneos;
				SWIFT_ACTIVE_COMPILATION_CONDITIONS = DEBUG;
				SWIFT_OPTIMIZATION_LEVEL = "-Onone";
			};
			name = Debug;
		};
		9348E4A924B0118600C61A4B /* Release */ = {
			isa = XCBuildConfiguration;
			buildSettings = {
				ALWAYS_SEARCH_USER_PATHS = NO;
				CLANG_ANALYZER_NONNULL = YES;
				CLANG_ANALYZER_NUMBER_OBJECT_CONVERSION = YES_AGGRESSIVE;
				CLANG_CXX_LANGUAGE_STANDARD = "gnu++14";
				CLANG_CXX_LIBRARY = "libc++";
				CLANG_ENABLE_MODULES = YES;
				CLANG_ENABLE_OBJC_ARC = YES;
				CLANG_ENABLE_OBJC_WEAK = YES;
				CLANG_WARN_BLOCK_CAPTURE_AUTORELEASING = YES;
				CLANG_WARN_BOOL_CONVERSION = YES;
				CLANG_WARN_COMMA = YES;
				CLANG_WARN_CONSTANT_CONVERSION = YES;
				CLANG_WARN_DEPRECATED_OBJC_IMPLEMENTATIONS = YES;
				CLANG_WARN_DIRECT_OBJC_ISA_USAGE = YES_ERROR;
				CLANG_WARN_DOCUMENTATION_COMMENTS = YES;
				CLANG_WARN_EMPTY_BODY = YES;
				CLANG_WARN_ENUM_CONVERSION = YES;
				CLANG_WARN_INFINITE_RECURSION = YES;
				CLANG_WARN_INT_CONVERSION = YES;
				CLANG_WARN_NON_LITERAL_NULL_CONVERSION = YES;
				CLANG_WARN_OBJC_IMPLICIT_RETAIN_SELF = YES;
				CLANG_WARN_OBJC_LITERAL_CONVERSION = YES;
				CLANG_WARN_OBJC_ROOT_CLASS = YES_ERROR;
				CLANG_WARN_RANGE_LOOP_ANALYSIS = YES;
				CLANG_WARN_STRICT_PROTOTYPES = YES;
				CLANG_WARN_SUSPICIOUS_MOVE = YES;
				CLANG_WARN_UNGUARDED_AVAILABILITY = YES_AGGRESSIVE;
				CLANG_WARN_UNREACHABLE_CODE = YES;
				CLANG_WARN__DUPLICATE_METHOD_MATCH = YES;
				COPY_PHASE_STRIP = NO;
				DEBUG_INFORMATION_FORMAT = "dwarf-with-dsym";
				ENABLE_NS_ASSERTIONS = NO;
				ENABLE_STRICT_OBJC_MSGSEND = YES;
				GCC_C_LANGUAGE_STANDARD = gnu11;
				GCC_NO_COMMON_BLOCKS = YES;
				GCC_WARN_64_TO_32_BIT_CONVERSION = YES;
				GCC_WARN_ABOUT_RETURN_TYPE = YES_ERROR;
				GCC_WARN_UNDECLARED_SELECTOR = YES;
				GCC_WARN_UNINITIALIZED_AUTOS = YES_AGGRESSIVE;
				GCC_WARN_UNUSED_FUNCTION = YES;
				GCC_WARN_UNUSED_VARIABLE = YES;
				IPHONEOS_DEPLOYMENT_TARGET = 13.5;
				MTL_ENABLE_DEBUG_INFO = NO;
				MTL_FAST_MATH = YES;
				SDKROOT = iphoneos;
				SWIFT_COMPILATION_MODE = wholemodule;
				SWIFT_OPTIMIZATION_LEVEL = "-O";
				VALIDATE_PRODUCT = YES;
			};
			name = Release;
		};
		9348E4AB24B0118600C61A4B /* Debug */ = {
			isa = XCBuildConfiguration;
			buildSettings = {
				ASSETCATALOG_COMPILER_APPICON_NAME = AppIcon;
				CODE_SIGN_STYLE = Automatic;
				DEVELOPMENT_TEAM = 25X887TWXV;
				INFOPLIST_FILE = TipCalculator/Info.plist;
				LD_RUNPATH_SEARCH_PATHS = (
					"$(inherited)",
					"@executable_path/Frameworks",
				);
				PRODUCT_BUNDLE_IDENTIFIER = edu.ioslearning.MemoryApp.TipCalculator;
				PRODUCT_NAME = "$(TARGET_NAME)";
				SWIFT_VERSION = 5.0;
				TARGETED_DEVICE_FAMILY = "1,2";
			};
			name = Debug;
		};
		9348E4AC24B0118600C61A4B /* Release */ = {
			isa = XCBuildConfiguration;
			buildSettings = {
				ASSETCATALOG_COMPILER_APPICON_NAME = AppIcon;
				CODE_SIGN_STYLE = Automatic;
				DEVELOPMENT_TEAM = 25X887TWXV;
				INFOPLIST_FILE = TipCalculator/Info.plist;
				LD_RUNPATH_SEARCH_PATHS = (
					"$(inherited)",
					"@executable_path/Frameworks",
				);
				PRODUCT_BUNDLE_IDENTIFIER = edu.ioslearning.MemoryApp.TipCalculator;
				PRODUCT_NAME = "$(TARGET_NAME)";
				SWIFT_VERSION = 5.0;
				TARGETED_DEVICE_FAMILY = "1,2";
			};
			name = Release;
		};
		9348E4AE24B0118600C61A4B /* Debug */ = {
			isa = XCBuildConfiguration;
			buildSettings = {
				ALWAYS_EMBED_SWIFT_STANDARD_LIBRARIES = YES;
				BUNDLE_LOADER = "$(TEST_HOST)";
				CODE_SIGN_STYLE = Automatic;
				DEVELOPMENT_TEAM = 25X887TWXV;
				INFOPLIST_FILE = TipCalculatorTests/Info.plist;
				IPHONEOS_DEPLOYMENT_TARGET = 13.5;
				LD_RUNPATH_SEARCH_PATHS = (
					"$(inherited)",
					"@executable_path/Frameworks",
					"@loader_path/Frameworks",
				);
				PRODUCT_BUNDLE_IDENTIFIER = edu.ioslearning.MemoryApp.TipCalculatorTests;
				PRODUCT_NAME = "$(TARGET_NAME)";
				SWIFT_VERSION = 5.0;
				TARGETED_DEVICE_FAMILY = "1,2";
				TEST_HOST = "$(BUILT_PRODUCTS_DIR)/TipCalculator.app/TipCalculator";
			};
			name = Debug;
		};
		9348E4AF24B0118600C61A4B /* Release */ = {
			isa = XCBuildConfiguration;
			buildSettings = {
				ALWAYS_EMBED_SWIFT_STANDARD_LIBRARIES = YES;
				BUNDLE_LOADER = "$(TEST_HOST)";
				CODE_SIGN_STYLE = Automatic;
				DEVELOPMENT_TEAM = 25X887TWXV;
				INFOPLIST_FILE = TipCalculatorTests/Info.plist;
				IPHONEOS_DEPLOYMENT_TARGET = 13.5;
				LD_RUNPATH_SEARCH_PATHS = (
					"$(inherited)",
					"@executable_path/Frameworks",
					"@loader_path/Frameworks",
				);
				PRODUCT_BUNDLE_IDENTIFIER = edu.ioslearning.MemoryApp.TipCalculatorTests;
				PRODUCT_NAME = "$(TARGET_NAME)";
				SWIFT_VERSION = 5.0;
				TARGETED_DEVICE_FAMILY = "1,2";
				TEST_HOST = "$(BUILT_PRODUCTS_DIR)/TipCalculator.app/TipCalculator";
			};
			name = Release;
		};
		9348E4B124B0118600C61A4B /* Debug */ = {
			isa = XCBuildConfiguration;
			buildSettings = {
				ALWAYS_EMBED_SWIFT_STANDARD_LIBRARIES = YES;
				CODE_SIGN_STYLE = Automatic;
				DEVELOPMENT_TEAM = 25X887TWXV;
				INFOPLIST_FILE = TipCalculatorUITests/Info.plist;
				LD_RUNPATH_SEARCH_PATHS = (
					"$(inherited)",
					"@executable_path/Frameworks",
					"@loader_path/Frameworks",
				);
				PRODUCT_BUNDLE_IDENTIFIER = edu.ioslearning.MemoryApp.TipCalculatorUITests;
				PRODUCT_NAME = "$(TARGET_NAME)";
				SWIFT_VERSION = 5.0;
				TARGETED_DEVICE_FAMILY = "1,2";
				TEST_TARGET_NAME = TipCalculator;
			};
			name = Debug;
		};
		9348E4B224B0118600C61A4B /* Release */ = {
			isa = XCBuildConfiguration;
			buildSettings = {
				ALWAYS_EMBED_SWIFT_STANDARD_LIBRARIES = YES;
				CODE_SIGN_STYLE = Automatic;
				DEVELOPMENT_TEAM = 25X887TWXV;
				INFOPLIST_FILE = TipCalculatorUITests/Info.plist;
				LD_RUNPATH_SEARCH_PATHS = (
					"$(inherited)",
					"@executable_path/Frameworks",
					"@loader_path/Frameworks",
				);
				PRODUCT_BUNDLE_IDENTIFIER = edu.ioslearning.MemoryApp.TipCalculatorUITests;
				PRODUCT_NAME = "$(TARGET_NAME)";
				SWIFT_VERSION = 5.0;
				TARGETED_DEVICE_FAMILY = "1,2";
				TEST_TARGET_NAME = TipCalculator;
			};
			name = Release;
		};
/* End XCBuildConfiguration section */

/* Begin XCConfigurationList section */
		9348E47B24B0118400C61A4B /* Build configuration list for PBXProject "TipCalculator" */ = {
			isa = XCConfigurationList;
			buildConfigurations = (
				9348E4A824B0118600C61A4B /* Debug */,
				9348E4A924B0118600C61A4B /* Release */,
			);
			defaultConfigurationIsVisible = 0;
			defaultConfigurationName = Release;
		};
		9348E4AA24B0118600C61A4B /* Build configuration list for PBXNativeTarget "TipCalculator" */ = {
			isa = XCConfigurationList;
			buildConfigurations = (
				9348E4AB24B0118600C61A4B /* Debug */,
				9348E4AC24B0118600C61A4B /* Release */,
			);
			defaultConfigurationIsVisible = 0;
			defaultConfigurationName = Release;
		};
		9348E4AD24B0118600C61A4B /* Build configuration list for PBXNativeTarget "TipCalculatorTests" */ = {
			isa = XCConfigurationList;
			buildConfigurations = (
				9348E4AE24B0118600C61A4B /* Debug */,
				9348E4AF24B0118600C61A4B /* Release */,
			);
			defaultConfigurationIsVisible = 0;
			defaultConfigurationName = Release;
		};
		9348E4B024B0118600C61A4B /* Build configuration list for PBXNativeTarget "TipCalculatorUITests" */ = {
			isa = XCConfigurationList;
			buildConfigurations = (
				9348E4B124B0118600C61A4B /* Debug */,
				9348E4B224B0118600C61A4B /* Release */,
			);
			defaultConfigurationIsVisible = 0;
			defaultConfigurationName = Release;
		};
/* End XCConfigurationList section */
	};
	rootObject = 9348E47824B0118400C61A4B /* Project object */;
}
